{
  "name": "formregex",
  "version": "1.0.0",
  "lockfileVersion": 1,
  "requires": true,
  "dependencies": {
    "usdl-regex": {
      "version": "1.5.3",
      "resolved": "https://registry.npmjs.org/usdl-regex/-/usdl-regex-1.5.3.tgz",
      "integrity": "sha512-aEDuUQWCqLTDOHsdlF57f35bZ8IkJ+8PNTLskIgOFRGnRTy1btcFFE+Ay+IuU6AgkRt8POaepHC7kbBZGA5VMw=="
    }
  }
}
